
Microsoft Visual Studio Solution File, Format Version 12.00
# Visual Studio Version 17
VisualStudioVersion = 17.5.002.0
MinimumVisualStudioVersion = 10.0.40219.1
Project("{9A19103F-16F7-4668-BE54-9A1E7A4F7556}") = "DZ_C_8", "DZ_C_8.csproj", "{956B4071-2576-41F1-B56A-F2731A1114DD}"
EndProject
Global
	GlobalSection(SolutionConfigurationPlatforms) = preSolution
		Debug|Any CPU = Debug|Any CPU
		Release|Any CPU = Release|Any CPU
	EndGlobalSection
	GlobalSection(ProjectConfigurationPlatforms) = postSolution
		{956B4071-2576-41F1-B56A-F2731A1114DD}.Debug|Any CPU.ActiveCfg = Debug|Any CPU
		{956B4071-2576-41F1-B56A-F2731A1114DD}.Debug|Any CPU.Build.0 = Debug|Any CPU
		{956B4071-2576-41F1-B56A-F2731A1114DD}.Release|Any CPU.ActiveCfg = Release|Any CPU
		{956B4071-2576-41F1-B56A-F2731A1114DD}.Release|Any CPU.Build.0 = Release|Any CPU
	EndGlobalSection
	GlobalSection(SolutionProperties) = preSolution
		HideSolutionNode = FALSE
	EndGlobalSection
	GlobalSection(ExtensibilityGlobals) = postSolution
		SolutionGuid = {4FDA193F-2A19-4943-A658-F3C9029C89A1}
	EndGlobalSection
EndGlobal
